
Microsoft Visual Studio Solution File, Format Version 12.00
# Visual Studio Version 17
VisualStudioVersion = 17.6.33723.286
MinimumVisualStudioVersion = 10.0.40219.1
Project("{FAE04EC0-301F-11D3-BF4B-00C04F79EFBC}") = "ConsoleApp1", "ConsoleApp1.csproj", "{0160450C-86DF-4793-9D0F-649C92B18811}"
EndProject
Global
	GlobalSection(SolutionConfigurationPlatforms) = preSolution
		Debug|Any CPU = Debug|Any CPU
		Release|Any CPU = Release|Any CPU
	EndGlobalSection
	GlobalSection(ProjectConfigurationPlatforms) = postSolution
		{0160450C-86DF-4793-9D0F-649C92B18811}.Debug|Any CPU.ActiveCfg = Debug|Any CPU
		{0160450C-86DF-4793-9D0F-649C92B18811}.Debug|Any CPU.Build.0 = Debug|Any CPU
		{0160450C-86DF-4793-9D0F-649C92B18811}.Release|Any CPU.ActiveCfg = Release|Any CPU
		{0160450C-86DF-4793-9D0F-649C92B18811}.Release|Any CPU.Build.0 = Release|Any CPU
	EndGlobalSection
	GlobalSection(SolutionProperties) = preSolution
		HideSolutionNode = FALSE
	EndGlobalSection
	GlobalSection(ExtensibilityGlobals) = postSolution
		SolutionGuid = {D8F27BD1-7AB1-4F07-B538-A42A86CA6FD4}
	EndGlobalSection
EndGlobal
