
Microsoft Visual Studio Solution File, Format Version 12.00
# Visual Studio Version 17
VisualStudioVersion = 17.6.33723.286
MinimumVisualStudioVersion = 10.0.40219.1
Project("{FAE04EC0-301F-11D3-BF4B-00C04F79EFBC}") = "Score Keeper", "Score Keeper.csproj", "{987C83C5-2B90-42FB-920B-23C31C96F66D}"
EndProject
Global
	GlobalSection(SolutionConfigurationPlatforms) = preSolution
		Debug|Any CPU = Debug|Any CPU
		Release|Any CPU = Release|Any CPU
	EndGlobalSection
	GlobalSection(ProjectConfigurationPlatforms) = postSolution
		{987C83C5-2B90-42FB-920B-23C31C96F66D}.Debug|Any CPU.ActiveCfg = Debug|Any CPU
		{987C83C5-2B90-42FB-920B-23C31C96F66D}.Debug|Any CPU.Build.0 = Debug|Any CPU
		{987C83C5-2B90-42FB-920B-23C31C96F66D}.Release|Any CPU.ActiveCfg = Release|Any CPU
		{987C83C5-2B90-42FB-920B-23C31C96F66D}.Release|Any CPU.Build.0 = Release|Any CPU
	EndGlobalSection
	GlobalSection(SolutionProperties) = preSolution
		HideSolutionNode = FALSE
	EndGlobalSection
	GlobalSection(ExtensibilityGlobals) = postSolution
		SolutionGuid = {C9AE7EA6-1A87-42C0-BD03-FA643C00421E}
	EndGlobalSection
EndGlobal
