
Microsoft Visual Studio Solution File, Format Version 12.00
# Visual Studio Version 17
VisualStudioVersion = 17.6.33723.286
MinimumVisualStudioVersion = 10.0.40219.1
Project("{FAE04EC0-301F-11D3-BF4B-00C04F79EFBC}") = "PsychoDadArena", "PsychoDadArena.csproj", "{52261115-8C9A-4131-9086-6154117D1DA2}"
EndProject
Global
	GlobalSection(SolutionConfigurationPlatforms) = preSolution
		Debug|Any CPU = Debug|Any CPU
		Release|Any CPU = Release|Any CPU
	EndGlobalSection
	GlobalSection(ProjectConfigurationPlatforms) = postSolution
		{52261115-8C9A-4131-9086-6154117D1DA2}.Debug|Any CPU.ActiveCfg = Debug|Any CPU
		{52261115-8C9A-4131-9086-6154117D1DA2}.Debug|Any CPU.Build.0 = Debug|Any CPU
		{52261115-8C9A-4131-9086-6154117D1DA2}.Release|Any CPU.ActiveCfg = Release|Any CPU
		{52261115-8C9A-4131-9086-6154117D1DA2}.Release|Any CPU.Build.0 = Release|Any CPU
	EndGlobalSection
	GlobalSection(SolutionProperties) = preSolution
		HideSolutionNode = FALSE
	EndGlobalSection
	GlobalSection(ExtensibilityGlobals) = postSolution
		SolutionGuid = {751C955A-C953-4C9E-B366-122D22124209}
	EndGlobalSection
EndGlobal
