
Microsoft Visual Studio Solution File, Format Version 12.00
# Visual Studio Version 17
VisualStudioVersion = 17.6.33723.286
MinimumVisualStudioVersion = 10.0.40219.1
Project("{FAE04EC0-301F-11D3-BF4B-00C04F79EFBC}") = "ConsoleApp9", "ConsoleApp9\ConsoleApp9.csproj", "{C766B5E7-5652-44F3-9C3B-29FCF01096F6}"
EndProject
Global
	GlobalSection(SolutionConfigurationPlatforms) = preSolution
		Debug|Any CPU = Debug|Any CPU
		Release|Any CPU = Release|Any CPU
	EndGlobalSection
	GlobalSection(ProjectConfigurationPlatforms) = postSolution
		{C766B5E7-5652-44F3-9C3B-29FCF01096F6}.Debug|Any CPU.ActiveCfg = Debug|Any CPU
		{C766B5E7-5652-44F3-9C3B-29FCF01096F6}.Debug|Any CPU.Build.0 = Debug|Any CPU
		{C766B5E7-5652-44F3-9C3B-29FCF01096F6}.Release|Any CPU.ActiveCfg = Release|Any CPU
		{C766B5E7-5652-44F3-9C3B-29FCF01096F6}.Release|Any CPU.Build.0 = Release|Any CPU
	EndGlobalSection
	GlobalSection(SolutionProperties) = preSolution
		HideSolutionNode = FALSE
	EndGlobalSection
	GlobalSection(ExtensibilityGlobals) = postSolution
		SolutionGuid = {882440CA-FFE3-45C2-9D05-C360B84FA0FE}
	EndGlobalSection
EndGlobal
