
Microsoft Visual Studio Solution File, Format Version 12.00
# Visual Studio Version 17
VisualStudioVersion = 17.6.33723.286
MinimumVisualStudioVersion = 10.0.40219.1
Project("{FAE04EC0-301F-11D3-BF4B-00C04F79EFBC}") = "Party Shuffle", "Party Shuffle.csproj", "{B97A9EF3-6B63-4069-B15F-A04360CF3526}"
EndProject
Global
	GlobalSection(SolutionConfigurationPlatforms) = preSolution
		Debug|Any CPU = Debug|Any CPU
		Release|Any CPU = Release|Any CPU
	EndGlobalSection
	GlobalSection(ProjectConfigurationPlatforms) = postSolution
		{B97A9EF3-6B63-4069-B15F-A04360CF3526}.Debug|Any CPU.ActiveCfg = Debug|Any CPU
		{B97A9EF3-6B63-4069-B15F-A04360CF3526}.Debug|Any CPU.Build.0 = Debug|Any CPU
		{B97A9EF3-6B63-4069-B15F-A04360CF3526}.Release|Any CPU.ActiveCfg = Release|Any CPU
		{B97A9EF3-6B63-4069-B15F-A04360CF3526}.Release|Any CPU.Build.0 = Release|Any CPU
	EndGlobalSection
	GlobalSection(SolutionProperties) = preSolution
		HideSolutionNode = FALSE
	EndGlobalSection
	GlobalSection(ExtensibilityGlobals) = postSolution
		SolutionGuid = {C8A0AABF-D250-48E2-92CB-0AA2499805D9}
	EndGlobalSection
EndGlobal
