
Microsoft Visual Studio Solution File, Format Version 12.00
# Visual Studio Version 17
VisualStudioVersion = 17.6.33723.286
MinimumVisualStudioVersion = 10.0.40219.1
Project("{FAE04EC0-301F-11D3-BF4B-00C04F79EFBC}") = "The Matrix", "The Matrix.csproj", "{67D6F68D-9F39-476D-A95E-96956A68E6EE}"
EndProject
Global
	GlobalSection(SolutionConfigurationPlatforms) = preSolution
		Debug|Any CPU = Debug|Any CPU
		Release|Any CPU = Release|Any CPU
	EndGlobalSection
	GlobalSection(ProjectConfigurationPlatforms) = postSolution
		{67D6F68D-9F39-476D-A95E-96956A68E6EE}.Debug|Any CPU.ActiveCfg = Debug|Any CPU
		{67D6F68D-9F39-476D-A95E-96956A68E6EE}.Debug|Any CPU.Build.0 = Debug|Any CPU
		{67D6F68D-9F39-476D-A95E-96956A68E6EE}.Release|Any CPU.ActiveCfg = Release|Any CPU
		{67D6F68D-9F39-476D-A95E-96956A68E6EE}.Release|Any CPU.Build.0 = Release|Any CPU
	EndGlobalSection
	GlobalSection(SolutionProperties) = preSolution
		HideSolutionNode = FALSE
	EndGlobalSection
	GlobalSection(ExtensibilityGlobals) = postSolution
		SolutionGuid = {EB1C4208-6B7B-4C80-9952-34629A66E8E4}
	EndGlobalSection
EndGlobal
