
Microsoft Visual Studio Solution File, Format Version 12.00
# Visual Studio Version 17
VisualStudioVersion = 17.6.33723.286
MinimumVisualStudioVersion = 10.0.40219.1
Project("{FAE04EC0-301F-11D3-BF4B-00C04F79EFBC}") = "Ordinal numbers", "Ordinal numbers.csproj", "{7A7E7F3D-5E1B-456A-AFCD-028803456A82}"
EndProject
Global
	GlobalSection(SolutionConfigurationPlatforms) = preSolution
		Debug|Any CPU = Debug|Any CPU
		Release|Any CPU = Release|Any CPU
	EndGlobalSection
	GlobalSection(ProjectConfigurationPlatforms) = postSolution
		{7A7E7F3D-5E1B-456A-AFCD-028803456A82}.Debug|Any CPU.ActiveCfg = Debug|Any CPU
		{7A7E7F3D-5E1B-456A-AFCD-028803456A82}.Debug|Any CPU.Build.0 = Debug|Any CPU
		{7A7E7F3D-5E1B-456A-AFCD-028803456A82}.Release|Any CPU.ActiveCfg = Release|Any CPU
		{7A7E7F3D-5E1B-456A-AFCD-028803456A82}.Release|Any CPU.Build.0 = Release|Any CPU
	EndGlobalSection
	GlobalSection(SolutionProperties) = preSolution
		HideSolutionNode = FALSE
	EndGlobalSection
	GlobalSection(ExtensibilityGlobals) = postSolution
		SolutionGuid = {F0AE7280-2CC4-4874-86F6-CB85E9640198}
	EndGlobalSection
EndGlobal
